github.com/f7ed0/golog v0.0.0-20240428190304-0287dfd7da11 h1:ONFHCsTRwcTnN3TObYlWPIZq3wwDhWf45FNBpzRyaG8=
github.com/f7ed0/golog v0.0.0-20240428190304-0287dfd7da11/go.mod h1:D8AFZDaGrF6PzY2sbUUjMjE2XiLO97VJ8MaFaRvMJTI=
github.com/veandco/go-sdl2 v0.4.38 h1:lx8syOA2ccXlgViYkQe2Kn/4xt+p9mdd1Qc/yYMrmSo=
github.com/veandco/go-sdl2 v0.4.38/go.mod h1:OROqMhHD43nT4/i9crJukyVecjPNYYuCofep6SNiAjY=
